
Microsoft Visual Studio Solution File, Format Version 12.00
# Visual Studio Version 16
VisualStudioVersion = 16.0.30907.101
MinimumVisualStudioVersion = 10.0.40219.1
Project("{FAE04EC0-301F-11D3-BF4B-00C04F79EFBC}") = "GenericsLinqAndMore", "GenericsLinqAndMore\GenericsLinqAndMore.csproj", "{40864D4C-4F31-48C5-B76C-19D47564C3C8}"
EndProject
Global
	GlobalSection(SolutionConfigurationPlatforms) = preSolution
		Debug|Any CPU = Debug|Any CPU
		Release|Any CPU = Release|Any CPU
	EndGlobalSection
	GlobalSection(ProjectConfigurationPlatforms) = postSolution
		{40864D4C-4F31-48C5-B76C-19D47564C3C8}.Debug|Any CPU.ActiveCfg = Debug|Any CPU
		{40864D4C-4F31-48C5-B76C-19D47564C3C8}.Debug|Any CPU.Build.0 = Debug|Any CPU
		{40864D4C-4F31-48C5-B76C-19D47564C3C8}.Release|Any CPU.ActiveCfg = Release|Any CPU
		{40864D4C-4F31-48C5-B76C-19D47564C3C8}.Release|Any CPU.Build.0 = Release|Any CPU
	EndGlobalSection
	GlobalSection(SolutionProperties) = preSolution
		HideSolutionNode = FALSE
	EndGlobalSection
	GlobalSection(ExtensibilityGlobals) = postSolution
		SolutionGuid = {6EBBCAF0-6937-4299-9F1E-9C8DD4BDFDD1}
	EndGlobalSection
EndGlobal
